
Microsoft Visual Studio Solution File, Format Version 12.00
# Visual Studio Version 17
VisualStudioVersion = 17.9.34728.123
MinimumVisualStudioVersion = 10.0.40219.1
Project("{FAE04EC0-301F-11D3-BF4B-00C04F79EFBC}") = "SysProgPRVI", "SysProgPRVI\SysProgPRVI.csproj", "{E5CA7DB0-7997-4762-8D02-FFDB7BEA2321}"
EndProject
Global
	GlobalSection(SolutionConfigurationPlatforms) = preSolution
		Debug|Any CPU = Debug|Any CPU
		Release|Any CPU = Release|Any CPU
	EndGlobalSection
	GlobalSection(ProjectConfigurationPlatforms) = postSolution
		{E5CA7DB0-7997-4762-8D02-FFDB7BEA2321}.Debug|Any CPU.ActiveCfg = Debug|Any CPU
		{E5CA7DB0-7997-4762-8D02-FFDB7BEA2321}.Debug|Any CPU.Build.0 = Debug|Any CPU
		{E5CA7DB0-7997-4762-8D02-FFDB7BEA2321}.Release|Any CPU.ActiveCfg = Release|Any CPU
		{E5CA7DB0-7997-4762-8D02-FFDB7BEA2321}.Release|Any CPU.Build.0 = Release|Any CPU
	EndGlobalSection
	GlobalSection(SolutionProperties) = preSolution
		HideSolutionNode = FALSE
	EndGlobalSection
	GlobalSection(ExtensibilityGlobals) = postSolution
		SolutionGuid = {6C66B4E3-046D-4C17-8CAB-447808E5F1D5}
	EndGlobalSection
EndGlobal
